// !$*UTF8*$!
{
	archiveVersion = 1;
	classes = {
	};
	objectVersion = 46;
	objects = {
//change at git hub;

/* Begin PBXBuildFile section */
		85F0AFF215B29171006D8DF9 /* UIKit.framework in Frameworks */ = {isa = PBXBuildFile; fileRef = 85F0AFF115B29171006D8DF9 /* UIKit.framework */; };
		85F0AFF415B29171006D8DF9 /* Foundation.framework in Frameworks */ = {isa = PBXBuildFile; fileRef = 85F0AFF315B29171006D8DF9 /* Foundation.framework */; };
		85F0AFF615B29171006D8DF9 /* CoreGraphics.framework in Frameworks */ = {isa = PBXBuildFile; fileRef = 85F0AFF515B29171006D8DF9 /* CoreGraphics.framework */; };
		85F0AFFC15B29171006D8DF9 /* InfoPlist.strings in Resources */ = {isa = PBXBuildFile; fileRef = 85F0AFFA15B29171006D8DF9 /* InfoPlist.strings */; };
		85F0AFFE15B29171006D8DF9 /* main.m in Sources */ = {isa = PBXBuildFile; fileRef = 85F0AFFD15B29171006D8DF9 /* main.m */; };
		85F0B00215B29171006D8DF9 /* AppDelegate.m in Sources */ = {isa = PBXBuildFile; fileRef = 85F0B00115B29171006D8DF9 /* AppDelegate.m */; };
/* End PBXBuildFile section */

/* Begin PBXFileReference section */
		85F0AFED15B29171006D8DF9 /* test2.app */ = {isa = PBXFileReference; explicitFileType = wrapper.application; includeInIndex = 0; path = test2.app; sourceTree = BUILT_PRODUCTS_DIR; };
		85F0AFF115B29171006D8DF9 /* UIKit.framework */ = {isa = PBXFileReference; lastKnownFileType = wrapper.framework; name = UIKit.framework; path = System/Library/Frameworks/UIKit.framework; sourceTree = SDKROOT; };
		85F0AFF315B29171006D8DF9 /* Foundation.framework */ = {isa = PBXFileReference; lastKnownFileType = wrapper.framework; name = Foundation.framework; path = System/Library/Frameworks/Foundation.framework; sourceTree = SDKROOT; };
		85F0AFF515B29171006D8DF9 /* CoreGraphics.framework */ = {isa = PBXFileReference; lastKnownFileType = wrapper.framework; name = CoreGraphics.framework; path = System/Library/Frameworks/CoreGraphics.framework; sourceTree = SDKROOT; };
		85F0AFF915B29171006D8DF9 /* test2-Info.plist */ = {isa = PBXFileReference; lastKnownFileType = text.plist.xml; path = "test2-Info.plist"; sourceTree = "<group>"; };
		85F0AFFB15B29171006D8DF9 /* en */ = {isa = PBXFileReference; lastKnownFileType = text.plist.strings; name = en; path = en.lproj/InfoPlist.strings; sourceTree = "<group>"; };
		85F0AFFD15B29171006D8DF9 /* main.m */ = {isa = PBXFileReference; lastKnownFileType = sourcecode.c.objc; path = main.m; sourceTree = "<group>"; };
		85F0AFFF15B29171006D8DF9 /* test2-Prefix.pch */ = {isa = PBXFileReference; lastKnownFileType = sourcecode.c.h; path = "test2-Prefix.pch"; sourceTree = "<group>"; };
		85F0B00015B29171006D8DF9 /* AppDelegate.h */ = {isa = PBXFileReference; lastKnownFileType = sourcecode.c.h; path = AppDelegate.h; sourceTree = "<group>"; };
		85F0B00115B29171006D8DF9 /* AppDelegate.m */ = {isa = PBXFileReference; lastKnownFileType = sourcecode.c.objc; path = AppDelegate.m; sourceTree = "<group>"; };
/* End PBXFileReference section */

/* Begin PBXFrameworksBuildPhase section */
		85F0AFEA15B29171006D8DF9 /* Frameworks */ = {
			isa = PBXFrameworksBuildPhase;
			buildActionMask = 2147483647;
			files = (
				85F0AFF215B29171006D8DF9 /* UIKit.framework in Frameworks */,
				85F0AFF415B29171006D8DF9 /* Foundation.framework in Frameworks */,
				85F0AFF615B29171006D8DF9 /* CoreGraphics.framework in Frameworks */,
			);
			runOnlyForDeploymentPostprocessing = 0;
		};
/* End PBXFrameworksBuildPhase section */

/* Begin PBXGroup section */
		85F0AFE215B29171006D8DF9 = {
			isa = PBXGroup;
			children = (
				85F0AFF715B29171006D8DF9 /* test2 */,
				85F0AFF015B29171006D8DF9 /* Frameworks */,
				85F0AFEE15B29171006D8DF9 /* Products */,
			);
			sourceTree = "<group>";
		};
		85F0AFEE15B29171006D8DF9 /* Products */ = {
			isa = PBXGroup;
			children = (
				85F0AFED15B29171006D8DF9 /* test2.app */,
			);
			name = Products;
			sourceTree = "<group>";
		};
		85F0AFF015B29171006D8DF9 /* Frameworks */ = {
			isa = PBXGroup;
			children = (
				85F0AFF115B29171006D8DF9 /* UIKit.framework */,
				85F0AFF315B29171006D8DF9 /* Foundation.framework */,
				85F0AFF515B29171006D8DF9 /* CoreGraphics.framework */,
			);
			name = Frameworks;
			sourceTree = "<group>";
		};
		85F0AFF715B29171006D8DF9 /* test2 */ = {
			isa = PBXGroup;
			children = (
				85F0B00015B29171006D8DF9 /* AppDelegate.h */,
				85F0B00115B29171006D8DF9 /* AppDelegate.m */,
				85F0AFF815B29171006D8DF9 /* Supporting Files */,
			);
			path = test2;
			sourceTree = "<group>";
		};
		85F0AFF815B29171006D8DF9 /* Supporting Files */ = {
			isa = PBXGroup;
			children = (
				85F0AFF915B29171006D8DF9 /* test2-Info.plist */,
				85F0AFFA15B29171006D8DF9 /* InfoPlist.strings */,
				85F0AFFD15B29171006D8DF9 /* main.m */,
				85F0AFFF15B29171006D8DF9 /* test2-Prefix.pch */,
			);
			name = "Supporting Files";
			sourceTree = "<group>";
		};
/* End PBXGroup section */

/* Begin PBXNativeTarget section */
		85F0AFEC15B29171006D8DF9 /* test2 */ = {
			isa = PBXNativeTarget;
			buildConfigurationList = 85F0B00515B29171006D8DF9 /* Build configuration list for PBXNativeTarget "test2" */;
			buildPhases = (
				85F0AFE915B29171006D8DF9 /* Sources */,
				85F0AFEA15B29171006D8DF9 /* Frameworks */,
				85F0AFEB15B29171006D8DF9 /* Resources */,
			);
			buildRules = (
			);
			dependencies = (
			);
			name = test2;
			productName = test2;
			productReference = 85F0AFED15B29171006D8DF9 /* test2.app */;
			productType = "com.apple.product-type.application";
		};
/* End PBXNativeTarget section */

/* Begin PBXProject section */
		85F0AFE415B29171006D8DF9 /* Project object */ = {
			isa = PBXProject;
			attributes = {
				LastUpgradeCheck = 0430;
			};
			buildConfigurationList = 85F0AFE715B29171006D8DF9 /* Build configuration list for PBXProject "test2" */;
			compatibilityVersion = "Xcode 3.2";
			developmentRegion = English;
			hasScannedForEncodings = 0;
			knownRegions = (
				en,
			);
			mainGroup = 85F0AFE215B29171006D8DF9;
			productRefGroup = 85F0AFEE15B29171006D8DF9 /* Products */;
			projectDirPath = "";
			projectRoot = "";
			targets = (
				85F0AFEC15B29171006D8DF9 /* test2 */,
			);
		};
/* End PBXProject section */

/* Begin PBXResourcesBuildPhase section */
		85F0AFEB15B29171006D8DF9 /* Resources */ = {
			isa = PBXResourcesBuildPhase;
			buildActionMask = 2147483647;
			files = (
				85F0AFFC15B29171006D8DF9 /* InfoPlist.strings in Resources */,
			);
			runOnlyForDeploymentPostprocessing = 0;
		};
/* End PBXResourcesBuildPhase section */

/* Begin PBXSourcesBuildPhase section */
		85F0AFE915B29171006D8DF9 /* Sources */ = {
			isa = PBXSourcesBuildPhase;
			buildActionMask = 2147483647;
			files = (
				85F0AFFE15B29171006D8DF9 /* main.m in Sources */,
				85F0B00215B29171006D8DF9 /* AppDelegate.m in Sources */,
			);
			runOnlyForDeploymentPostprocessing = 0;
		};
/* End PBXSourcesBuildPhase section */

/* Begin PBXVariantGroup section */
		85F0AFFA15B29171006D8DF9 /* InfoPlist.strings */ = {
			isa = PBXVariantGroup;
			children = (
				85F0AFFB15B29171006D8DF9 /* en */,
			);
			name = InfoPlist.strings;
			sourceTree = "<group>";
		};
/* End PBXVariantGroup section */

/* Begin XCBuildConfiguration section */
		85F0B00315B29171006D8DF9 /* Debug */ = {
			isa = XCBuildConfiguration;
			buildSettings = {
				ALWAYS_SEARCH_USER_PATHS = NO;
				ARCHS = "$(ARCHS_STANDARD_32_BIT)";
				CLANG_ENABLE_OBJC_ARC = YES;
				"CODE_SIGN_IDENTITY[sdk=iphoneos*]" = "iPhone Developer";
				COPY_PHASE_STRIP = NO;
				GCC_C_LANGUAGE_STANDARD = gnu99;
				GCC_DYNAMIC_NO_PIC = NO;
				GCC_OPTIMIZATION_LEVEL = 0;
				GCC_PREPROCESSOR_DEFINITIONS = (
					"DEBUG=1",
					"$(inherited)",
				);
				GCC_SYMBOLS_PRIVATE_EXTERN = NO;
				GCC_VERSION = com.apple.compilers.llvm.clang.1_0;
				GCC_WARN_ABOUT_RETURN_TYPE = YES;
				GCC_WARN_UNINITIALIZED_AUTOS = YES;
				GCC_WARN_UNUSED_VARIABLE = YES;
				IPHONEOS_DEPLOYMENT_TARGET = 5.1;
				SDKROOT = iphoneos;
				TARGETED_DEVICE_FAMILY = "1,2";
			};
			name = Debug;
		};
		85F0B00415B29171006D8DF9 /* Release */ = {
			isa = XCBuildConfiguration;
			buildSettings = {
				ALWAYS_SEARCH_USER_PATHS = NO;
				ARCHS = "$(ARCHS_STANDARD_32_BIT)";
				CLANG_ENABLE_OBJC_ARC = YES;
				"CODE_SIGN_IDENTITY[sdk=iphoneos*]" = "iPhone Developer";
				COPY_PHASE_STRIP = YES;
				GCC_C_LANGUAGE_STANDARD = gnu99;
				GCC_VERSION = com.apple.compilers.llvm.clang.1_0;
				GCC_WARN_ABOUT_RETURN_TYPE = YES;
				GCC_WARN_UNINITIALIZED_AUTOS = YES;
				GCC_WARN_UNUSED_VARIABLE = YES;
				IPHONEOS_DEPLOYMENT_TARGET = 5.1;
				OTHER_CFLAGS = "-DNS_BLOCK_ASSERTIONS=1";
				SDKROOT = iphoneos;
				TARGETED_DEVICE_FAMILY = "1,2";
				VALIDATE_PRODUCT = YES;
			};
			name = Release;
		};
		85F0B00615B29171006D8DF9 /* Debug */ = {
			isa = XCBuildConfiguration;
			buildSettings = {
				GCC_PRECOMPILE_PREFIX_HEADER = YES;
				GCC_PREFIX_HEADER = "test2/test2-Prefix.pch";
				INFOPLIST_FILE = "test2/test2-Info.plist";
				PRODUCT_NAME = "$(TARGET_NAME)";
				WRAPPER_EXTENSION = app;
			};
			name = Debug;
		};
		85F0B00715B29171006D8DF9 /* Release */ = {
			isa = XCBuildConfiguration;
			buildSettings = {
				GCC_PRECOMPILE_PREFIX_HEADER = YES;
				GCC_PREFIX_HEADER = "test2/test2-Prefix.pch";
				INFOPLIST_FILE = "test2/test2-Info.plist";
				PRODUCT_NAME = "$(TARGET_NAME)";
				WRAPPER_EXTENSION = app;
			};
			name = Release;
		};
/* End XCBuildConfiguration section */

/* Begin XCConfigurationList section */
		85F0AFE715B29171006D8DF9 /* Build configuration list for PBXProject "test2" */ = {
			isa = XCConfigurationList;
			buildConfigurations = (
				85F0B00315B29171006D8DF9 /* Debug */,
				85F0B00415B29171006D8DF9 /* Release */,
			);
			defaultConfigurationIsVisible = 0;
			defaultConfigurationName = Release;
		};
		85F0B00515B29171006D8DF9 /* Build configuration list for PBXNativeTarget "test2" */ = {
			isa = XCConfigurationList;
			buildConfigurations = (
				85F0B00615B29171006D8DF9 /* Debug */,
				85F0B00715B29171006D8DF9 /* Release */,
			);
			defaultConfigurationIsVisible = 0;
		};
/* End XCConfigurationList section */
	};
	rootObject = 85F0AFE415B29171006D8DF9 /* Project object */;
}
